
Microsoft Visual Studio Solution File, Format Version 12.00
# Visual Studio 2012
Project("{FAE04EC0-301F-11D3-BF4B-00C04F79EFBC}") = "LibraryFineManager", "LibraryFineManager\LibraryFineManager.csproj", "{72C9A2D4-F5F4-4E97-A100-74AB19F528BD}"
EndProject
Project("{FAE04EC0-301F-11D3-BF4B-00C04F79EFBC}") = "Tests.Unit", "Tests.Unit\Tests.Unit.csproj", "{944A089E-0D0A-4F77-B6B0-521DD6E77DFF}"
EndProject
Global
	GlobalSection(SolutionConfigurationPlatforms) = preSolution
		Debug|Any CPU = Debug|Any CPU
		Release|Any CPU = Release|Any CPU
	EndGlobalSection
	GlobalSection(ProjectConfigurationPlatforms) = postSolution
		{72C9A2D4-F5F4-4E97-A100-74AB19F528BD}.Debug|Any CPU.ActiveCfg = Debug|Any CPU
		{72C9A2D4-F5F4-4E97-A100-74AB19F528BD}.Debug|Any CPU.Build.0 = Debug|Any CPU
		{72C9A2D4-F5F4-4E97-A100-74AB19F528BD}.Release|Any CPU.ActiveCfg = Release|Any CPU
		{72C9A2D4-F5F4-4E97-A100-74AB19F528BD}.Release|Any CPU.Build.0 = Release|Any CPU
		{944A089E-0D0A-4F77-B6B0-521DD6E77DFF}.Debug|Any CPU.ActiveCfg = Debug|Any CPU
		{944A089E-0D0A-4F77-B6B0-521DD6E77DFF}.Debug|Any CPU.Build.0 = Debug|Any CPU
		{944A089E-0D0A-4F77-B6B0-521DD6E77DFF}.Release|Any CPU.ActiveCfg = Release|Any CPU
		{944A089E-0D0A-4F77-B6B0-521DD6E77DFF}.Release|Any CPU.Build.0 = Release|Any CPU
	EndGlobalSection
	GlobalSection(SolutionProperties) = preSolution
		HideSolutionNode = FALSE
	EndGlobalSection
EndGlobal
